
Microsoft Visual Studio Solution File, Format Version 12.00
# Visual Studio 15
VisualStudioVersion = 15.0.28010.2041
MinimumVisualStudioVersion = 10.0.40219.1
Project("{FAE04EC0-301F-11D3-BF4B-00C04F79EFBC}") = "Fibonachi", "Fibonachi\Fibonachi.csproj", "{D91601A5-B580-4AD6-A9C6-AAD95B140113}"
EndProject
Global
	GlobalSection(SolutionConfigurationPlatforms) = preSolution
		Debug|Any CPU = Debug|Any CPU
		Release|Any CPU = Release|Any CPU
	EndGlobalSection
	GlobalSection(ProjectConfigurationPlatforms) = postSolution
		{D91601A5-B580-4AD6-A9C6-AAD95B140113}.Debug|Any CPU.ActiveCfg = Debug|Any CPU
		{D91601A5-B580-4AD6-A9C6-AAD95B140113}.Debug|Any CPU.Build.0 = Debug|Any CPU
		{D91601A5-B580-4AD6-A9C6-AAD95B140113}.Release|Any CPU.ActiveCfg = Release|Any CPU
		{D91601A5-B580-4AD6-A9C6-AAD95B140113}.Release|Any CPU.Build.0 = Release|Any CPU
	EndGlobalSection
	GlobalSection(SolutionProperties) = preSolution
		HideSolutionNode = FALSE
	EndGlobalSection
	GlobalSection(ExtensibilityGlobals) = postSolution
		SolutionGuid = {1E37AA52-A9D4-4DBF-97BE-37529CB045B0}
	EndGlobalSection
EndGlobal
